
Microsoft Visual Studio Solution File, Format Version 12.00
Project("{FAE04EC0-301F-11D3-BF4B-00C04F79EFBC}") = "Ds.Api", "Ds.Api\Ds.Api.csproj", "{71AC540E-A11B-4477-8301-0805F9E23E62}"
EndProject
Project("{FAE04EC0-301F-11D3-BF4B-00C04F79EFBC}") = "Ds.Core", "Ds.Core\Ds.Core.csproj", "{4896F99B-46F9-42E2-94A5-68635E12BCA9}"
EndProject
Global
	GlobalSection(SolutionConfigurationPlatforms) = preSolution
		Debug|Any CPU = Debug|Any CPU
		Release|Any CPU = Release|Any CPU
	EndGlobalSection
	GlobalSection(ProjectConfigurationPlatforms) = postSolution
		{71AC540E-A11B-4477-8301-0805F9E23E62}.Debug|Any CPU.ActiveCfg = Debug|Any CPU
		{71AC540E-A11B-4477-8301-0805F9E23E62}.Debug|Any CPU.Build.0 = Debug|Any CPU
		{71AC540E-A11B-4477-8301-0805F9E23E62}.Release|Any CPU.ActiveCfg = Release|Any CPU
		{71AC540E-A11B-4477-8301-0805F9E23E62}.Release|Any CPU.Build.0 = Release|Any CPU
		{4896F99B-46F9-42E2-94A5-68635E12BCA9}.Debug|Any CPU.ActiveCfg = Debug|Any CPU
		{4896F99B-46F9-42E2-94A5-68635E12BCA9}.Debug|Any CPU.Build.0 = Debug|Any CPU
		{4896F99B-46F9-42E2-94A5-68635E12BCA9}.Release|Any CPU.ActiveCfg = Release|Any CPU
		{4896F99B-46F9-42E2-94A5-68635E12BCA9}.Release|Any CPU.Build.0 = Release|Any CPU
	EndGlobalSection
EndGlobal
